
Microsoft Visual Studio Solution File, Format Version 12.00
# Visual Studio 15
Project("{FAE04EC0-301F-11D3-BF4B-00C04F79EFBC}") = "CFSessionDB.Android", "CFSessionDB.Android\CFSessionDB.Android.csproj", "{76F64855-03F8-4EB9-8CE9-2EF5C9777013}"
EndProject
Project("{FAE04EC0-301F-11D3-BF4B-00C04F79EFBC}") = "CFSessionDB.iOS", "CFSessionDB.iOS\CFSessionDB.iOS.csproj", "{1162F004-A555-4F08-AC1C-E07CDAA2B6B3}"
EndProject
Project("{FAE04EC0-301F-11D3-BF4B-00C04F79EFBC}") = "CFSessionDB", "CFSessionDB\CFSessionDB.csproj", "{F5B69B6B-9D0F-4E0C-9347-84C7156E451A}"
EndProject
Global
	GlobalSection(SolutionConfigurationPlatforms) = preSolution
		Debug|Any CPU = Debug|Any CPU
		Release|Any CPU = Release|Any CPU
		Debug|iPhoneSimulator = Debug|iPhoneSimulator
		Release|iPhoneSimulator = Release|iPhoneSimulator
		Debug|iPhone = Debug|iPhone
		Release|iPhone = Release|iPhone
	EndGlobalSection
	GlobalSection(ProjectConfigurationPlatforms) = postSolution
		{76F64855-03F8-4EB9-8CE9-2EF5C9777013}.Debug|Any CPU.ActiveCfg = Debug|Any CPU
		{76F64855-03F8-4EB9-8CE9-2EF5C9777013}.Debug|Any CPU.Build.0 = Debug|Any CPU
		{76F64855-03F8-4EB9-8CE9-2EF5C9777013}.Release|Any CPU.ActiveCfg = Release|Any CPU
		{76F64855-03F8-4EB9-8CE9-2EF5C9777013}.Release|Any CPU.Build.0 = Release|Any CPU
		{76F64855-03F8-4EB9-8CE9-2EF5C9777013}.Debug|iPhoneSimulator.ActiveCfg = Debug|Any CPU
		{76F64855-03F8-4EB9-8CE9-2EF5C9777013}.Debug|iPhoneSimulator.Build.0 = Debug|Any CPU
		{76F64855-03F8-4EB9-8CE9-2EF5C9777013}.Release|iPhoneSimulator.ActiveCfg = Release|Any CPU
		{76F64855-03F8-4EB9-8CE9-2EF5C9777013}.Release|iPhoneSimulator.Build.0 = Release|Any CPU
		{76F64855-03F8-4EB9-8CE9-2EF5C9777013}.Debug|iPhone.ActiveCfg = Debug|Any CPU
		{76F64855-03F8-4EB9-8CE9-2EF5C9777013}.Debug|iPhone.Build.0 = Debug|Any CPU
		{76F64855-03F8-4EB9-8CE9-2EF5C9777013}.Release|iPhone.ActiveCfg = Release|Any CPU
		{76F64855-03F8-4EB9-8CE9-2EF5C9777013}.Release|iPhone.Build.0 = Release|Any CPU
		{1162F004-A555-4F08-AC1C-E07CDAA2B6B3}.Debug|Any CPU.ActiveCfg = Debug|iPhoneSimulator
		{1162F004-A555-4F08-AC1C-E07CDAA2B6B3}.Debug|Any CPU.Build.0 = Debug|iPhoneSimulator
		{1162F004-A555-4F08-AC1C-E07CDAA2B6B3}.Release|Any CPU.ActiveCfg = Release|iPhoneSimulator
		{1162F004-A555-4F08-AC1C-E07CDAA2B6B3}.Release|Any CPU.Build.0 = Release|iPhoneSimulator
		{1162F004-A555-4F08-AC1C-E07CDAA2B6B3}.Debug|iPhoneSimulator.ActiveCfg = Debug|iPhoneSimulator
		{1162F004-A555-4F08-AC1C-E07CDAA2B6B3}.Debug|iPhoneSimulator.Build.0 = Debug|iPhoneSimulator
		{1162F004-A555-4F08-AC1C-E07CDAA2B6B3}.Release|iPhoneSimulator.ActiveCfg = Release|iPhoneSimulator
		{1162F004-A555-4F08-AC1C-E07CDAA2B6B3}.Release|iPhoneSimulator.Build.0 = Release|iPhoneSimulator
		{1162F004-A555-4F08-AC1C-E07CDAA2B6B3}.Debug|iPhone.ActiveCfg = Debug|iPhone
		{1162F004-A555-4F08-AC1C-E07CDAA2B6B3}.Debug|iPhone.Build.0 = Debug|iPhone
		{1162F004-A555-4F08-AC1C-E07CDAA2B6B3}.Release|iPhone.ActiveCfg = Release|iPhone
		{1162F004-A555-4F08-AC1C-E07CDAA2B6B3}.Release|iPhone.Build.0 = Release|iPhone
		{F5B69B6B-9D0F-4E0C-9347-84C7156E451A}.Debug|Any CPU.ActiveCfg = Debug|Any CPU
		{F5B69B6B-9D0F-4E0C-9347-84C7156E451A}.Debug|Any CPU.Build.0 = Debug|Any CPU
		{F5B69B6B-9D0F-4E0C-9347-84C7156E451A}.Release|Any CPU.ActiveCfg = Release|Any CPU
		{F5B69B6B-9D0F-4E0C-9347-84C7156E451A}.Release|Any CPU.Build.0 = Release|Any CPU
		{F5B69B6B-9D0F-4E0C-9347-84C7156E451A}.Debug|iPhoneSimulator.ActiveCfg = Debug|Any CPU
		{F5B69B6B-9D0F-4E0C-9347-84C7156E451A}.Debug|iPhoneSimulator.Build.0 = Debug|Any CPU
		{F5B69B6B-9D0F-4E0C-9347-84C7156E451A}.Release|iPhoneSimulator.ActiveCfg = Release|Any CPU
		{F5B69B6B-9D0F-4E0C-9347-84C7156E451A}.Release|iPhoneSimulator.Build.0 = Release|Any CPU
		{F5B69B6B-9D0F-4E0C-9347-84C7156E451A}.Debug|iPhone.ActiveCfg = Debug|Any CPU
		{F5B69B6B-9D0F-4E0C-9347-84C7156E451A}.Debug|iPhone.Build.0 = Debug|Any CPU
		{F5B69B6B-9D0F-4E0C-9347-84C7156E451A}.Release|iPhone.ActiveCfg = Release|Any CPU
		{F5B69B6B-9D0F-4E0C-9347-84C7156E451A}.Release|iPhone.Build.0 = Release|Any CPU
	EndGlobalSection
EndGlobal
