
Microsoft Visual Studio Solution File, Format Version 12.00
# Visual Studio 15
Project("{FAE04EC0-301F-11D3-BF4B-00C04F79EFBC}") = "HelloAndroid", "HelloAndroid.csproj", "{30E933BD-BE32-4365-B66A-6F501C3EB514}"
EndProject
Project("{2150E333-8FDC-42A3-9474-1A3956D46DE8}") = "Solution Items", "Solution Items", "{9517D54A-BB2B-4C47-A21B-ED7A71B632A0}"
EndProject
Global
	GlobalSection(SolutionConfigurationPlatforms) = preSolution
		Debug|Any CPU = Debug|Any CPU
		Release|Any CPU = Release|Any CPU
	EndGlobalSection
	GlobalSection(ProjectConfigurationPlatforms) = postSolution
		{30E933BD-BE32-4365-B66A-6F501C3EB514}.Debug|Any CPU.ActiveCfg = Debug|Any CPU
		{30E933BD-BE32-4365-B66A-6F501C3EB514}.Debug|Any CPU.Build.0 = Debug|Any CPU
		{30E933BD-BE32-4365-B66A-6F501C3EB514}.Release|Any CPU.ActiveCfg = Release|Any CPU
		{30E933BD-BE32-4365-B66A-6F501C3EB514}.Release|Any CPU.Build.0 = Release|Any CPU
	EndGlobalSection
EndGlobal
