
Microsoft Visual Studio Solution File, Format Version 12.00
# Visual Studio 15
Project("{FAE04EC0-301F-11D3-BF4B-00C04F79EFBC}") = "Week2", "Week2.csproj", "{DDB2C8CC-43B2-4304-9EF6-FF982373872F}"
EndProject
Global
	GlobalSection(SolutionConfigurationPlatforms) = preSolution
		Debug|Any CPU = Debug|Any CPU
		Release|Any CPU = Release|Any CPU
	EndGlobalSection
	GlobalSection(ProjectConfigurationPlatforms) = postSolution
		{DDB2C8CC-43B2-4304-9EF6-FF982373872F}.Debug|Any CPU.ActiveCfg = Debug|Any CPU
		{DDB2C8CC-43B2-4304-9EF6-FF982373872F}.Debug|Any CPU.Build.0 = Debug|Any CPU
		{DDB2C8CC-43B2-4304-9EF6-FF982373872F}.Release|Any CPU.ActiveCfg = Release|Any CPU
		{DDB2C8CC-43B2-4304-9EF6-FF982373872F}.Release|Any CPU.Build.0 = Release|Any CPU
	EndGlobalSection
EndGlobal
