
Microsoft Visual Studio Solution File, Format Version 12.00
# Visual Studio 15
Project("{FAE04EC0-301F-11D3-BF4B-00C04F79EFBC}") = "ConferenceSessionsClient.Android", "ConferenceSessionsClient.Android\ConferenceSessionsClient.Android.csproj", "{FF3AC148-F68A-4693-AA6C-00E6EB9820A4}"
EndProject
Project("{FAE04EC0-301F-11D3-BF4B-00C04F79EFBC}") = "ConferenceSessionsClient.iOS", "ConferenceSessionsClient.iOS\ConferenceSessionsClient.iOS.csproj", "{C354D114-C69E-420F-A011-AF79C61270B0}"
EndProject
Project("{FAE04EC0-301F-11D3-BF4B-00C04F79EFBC}") = "ConferenceSessionsClient", "ConferenceSessionsClient\ConferenceSessionsClient.csproj", "{F2654A7A-EBB3-4ADA-A4DD-7961ABD7A6ED}"
EndProject
Global
	GlobalSection(SolutionConfigurationPlatforms) = preSolution
		Debug|Any CPU = Debug|Any CPU
		Release|Any CPU = Release|Any CPU
		Debug|iPhoneSimulator = Debug|iPhoneSimulator
		Release|iPhoneSimulator = Release|iPhoneSimulator
		Debug|iPhone = Debug|iPhone
		Release|iPhone = Release|iPhone
	EndGlobalSection
	GlobalSection(ProjectConfigurationPlatforms) = postSolution
		{FF3AC148-F68A-4693-AA6C-00E6EB9820A4}.Debug|Any CPU.ActiveCfg = Debug|Any CPU
		{FF3AC148-F68A-4693-AA6C-00E6EB9820A4}.Debug|Any CPU.Build.0 = Debug|Any CPU
		{FF3AC148-F68A-4693-AA6C-00E6EB9820A4}.Release|Any CPU.ActiveCfg = Release|Any CPU
		{FF3AC148-F68A-4693-AA6C-00E6EB9820A4}.Release|Any CPU.Build.0 = Release|Any CPU
		{FF3AC148-F68A-4693-AA6C-00E6EB9820A4}.Debug|iPhoneSimulator.ActiveCfg = Debug|Any CPU
		{FF3AC148-F68A-4693-AA6C-00E6EB9820A4}.Debug|iPhoneSimulator.Build.0 = Debug|Any CPU
		{FF3AC148-F68A-4693-AA6C-00E6EB9820A4}.Release|iPhoneSimulator.ActiveCfg = Release|Any CPU
		{FF3AC148-F68A-4693-AA6C-00E6EB9820A4}.Release|iPhoneSimulator.Build.0 = Release|Any CPU
		{FF3AC148-F68A-4693-AA6C-00E6EB9820A4}.Debug|iPhone.ActiveCfg = Debug|Any CPU
		{FF3AC148-F68A-4693-AA6C-00E6EB9820A4}.Debug|iPhone.Build.0 = Debug|Any CPU
		{FF3AC148-F68A-4693-AA6C-00E6EB9820A4}.Release|iPhone.ActiveCfg = Release|Any CPU
		{FF3AC148-F68A-4693-AA6C-00E6EB9820A4}.Release|iPhone.Build.0 = Release|Any CPU
		{C354D114-C69E-420F-A011-AF79C61270B0}.Debug|Any CPU.ActiveCfg = Debug|iPhoneSimulator
		{C354D114-C69E-420F-A011-AF79C61270B0}.Debug|Any CPU.Build.0 = Debug|iPhoneSimulator
		{C354D114-C69E-420F-A011-AF79C61270B0}.Release|Any CPU.ActiveCfg = Release|iPhoneSimulator
		{C354D114-C69E-420F-A011-AF79C61270B0}.Release|Any CPU.Build.0 = Release|iPhoneSimulator
		{C354D114-C69E-420F-A011-AF79C61270B0}.Debug|iPhoneSimulator.ActiveCfg = Debug|iPhoneSimulator
		{C354D114-C69E-420F-A011-AF79C61270B0}.Debug|iPhoneSimulator.Build.0 = Debug|iPhoneSimulator
		{C354D114-C69E-420F-A011-AF79C61270B0}.Release|iPhoneSimulator.ActiveCfg = Release|iPhoneSimulator
		{C354D114-C69E-420F-A011-AF79C61270B0}.Release|iPhoneSimulator.Build.0 = Release|iPhoneSimulator
		{C354D114-C69E-420F-A011-AF79C61270B0}.Debug|iPhone.ActiveCfg = Debug|iPhone
		{C354D114-C69E-420F-A011-AF79C61270B0}.Debug|iPhone.Build.0 = Debug|iPhone
		{C354D114-C69E-420F-A011-AF79C61270B0}.Release|iPhone.ActiveCfg = Release|iPhone
		{C354D114-C69E-420F-A011-AF79C61270B0}.Release|iPhone.Build.0 = Release|iPhone
		{F2654A7A-EBB3-4ADA-A4DD-7961ABD7A6ED}.Debug|Any CPU.ActiveCfg = Debug|Any CPU
		{F2654A7A-EBB3-4ADA-A4DD-7961ABD7A6ED}.Debug|Any CPU.Build.0 = Debug|Any CPU
		{F2654A7A-EBB3-4ADA-A4DD-7961ABD7A6ED}.Release|Any CPU.ActiveCfg = Release|Any CPU
		{F2654A7A-EBB3-4ADA-A4DD-7961ABD7A6ED}.Release|Any CPU.Build.0 = Release|Any CPU
		{F2654A7A-EBB3-4ADA-A4DD-7961ABD7A6ED}.Debug|iPhoneSimulator.ActiveCfg = Debug|Any CPU
		{F2654A7A-EBB3-4ADA-A4DD-7961ABD7A6ED}.Debug|iPhoneSimulator.Build.0 = Debug|Any CPU
		{F2654A7A-EBB3-4ADA-A4DD-7961ABD7A6ED}.Release|iPhoneSimulator.ActiveCfg = Release|Any CPU
		{F2654A7A-EBB3-4ADA-A4DD-7961ABD7A6ED}.Release|iPhoneSimulator.Build.0 = Release|Any CPU
		{F2654A7A-EBB3-4ADA-A4DD-7961ABD7A6ED}.Debug|iPhone.ActiveCfg = Debug|Any CPU
		{F2654A7A-EBB3-4ADA-A4DD-7961ABD7A6ED}.Debug|iPhone.Build.0 = Debug|Any CPU
		{F2654A7A-EBB3-4ADA-A4DD-7961ABD7A6ED}.Release|iPhone.ActiveCfg = Release|Any CPU
		{F2654A7A-EBB3-4ADA-A4DD-7961ABD7A6ED}.Release|iPhone.Build.0 = Release|Any CPU
	EndGlobalSection
EndGlobal
